# This file was autogenerated by Stack.
# You should not edit this file by hand.
# For more information, please see the documentation at:
#   https://docs.haskellstack.org/en/stable/topics/lock_files

packages:
- completed:
    name: sse-conduit
    pantry-tree:
      sha256: 557264c6dcafff574fb7bc0d4ed3899463aaa6c6ef9a5c7a864120898c96c8f4
      size: 670
    sha256: 11df081056f2fe3f7e03d06cab8770dcd34f89f4a2e628a8a294602550caab19
    size: 5615
    url: https://github.com/chrisdone-artificial/sse-conduit/archive/c2d8aa02f1c4138d5b3685876ce05650d344c01e.tar.gz
    version: 0.1.0.0
  original:
    url: https://github.com/chrisdone-artificial/sse-conduit/archive/c2d8aa02f1c4138d5b3685876ce05650d344c01e.tar.gz
- completed:
    name: llm-conduit
    pantry-tree:
      sha256: 281390f380e991a550015ef1b5f2426d7f2333e461b795dfceb9f7de6a79f40d
      size: 636
    sha256: 4be3978a8fa6170a30dea9a53cd2f24d1a28755619000aca7ddc7b32b3a87eb1
    size: 6222
    url: https://github.com/chrisdone-artificial/llm-conduit/archive/c7661fef9c1d631b27dd05c4df3ea577d3f8d022.tar.gz
    version: 0.1.0.0
  original:
    url: https://github.com/chrisdone-artificial/llm-conduit/archive/c7661fef9c1d631b27dd05c4df3ea577d3f8d022.tar.gz
snapshots:
- completed:
    sha256: 309392e77af949aff34933aff53070c774d274b0f2f7e314df665c0d322c7715
    size: 726103
    url: https://raw.githubusercontent.com/commercialhaskell/stackage-snapshots/master/lts/24/16.yaml
  original: lts-24.16
